
Microsoft Visual Studio Solution File, Format Version 12.00
# Visual Studio Version 17
VisualStudioVersion = 17.6.33829.357
MinimumVisualStudioVersion = 10.0.40219.1
Project("{8BC9CEB8-8B4A-11D0-8D11-00A0C91BC942}") = "字符串转换", "字符串转换.vcxproj", "{42A11281-35D0-4E2E-8236-463B7371286B}"
EndProject
Global
	GlobalSection(SolutionConfigurationPlatforms) = preSolution
		Debug|x64 = Debug|x64
		Debug|x86 = Debug|x86
		Release|x64 = Release|x64
		Release|x86 = Release|x86
	EndGlobalSection
	GlobalSection(ProjectConfigurationPlatforms) = postSolution
		{42A11281-35D0-4E2E-8236-463B7371286B}.Debug|x64.ActiveCfg = Debug|x64
		{42A11281-35D0-4E2E-8236-463B7371286B}.Debug|x64.Build.0 = Debug|x64
		{42A11281-35D0-4E2E-8236-463B7371286B}.Debug|x86.ActiveCfg = Debug|Win32
		{42A11281-35D0-4E2E-8236-463B7371286B}.Debug|x86.Build.0 = Debug|Win32
		{42A11281-35D0-4E2E-8236-463B7371286B}.Release|x64.ActiveCfg = Release|x64
		{42A11281-35D0-4E2E-8236-463B7371286B}.Release|x64.Build.0 = Release|x64
		{42A11281-35D0-4E2E-8236-463B7371286B}.Release|x86.ActiveCfg = Release|Win32
		{42A11281-35D0-4E2E-8236-463B7371286B}.Release|x86.Build.0 = Release|Win32
	EndGlobalSection
	GlobalSection(SolutionProperties) = preSolution
		HideSolutionNode = FALSE
	EndGlobalSection
	GlobalSection(ExtensibilityGlobals) = postSolution
		SolutionGuid = {EE1D97DF-A852-4072-A023-F397F6E8F3D7}
	EndGlobalSection
EndGlobal
