
Microsoft Visual Studio Solution File, Format Version 12.00
# Visual Studio Version 17
VisualStudioVersion = 17.6.33829.357
MinimumVisualStudioVersion = 10.0.40219.1
Project("{8BC9CEB8-8B4A-11D0-8D11-00A0C91BC942}") = "矩阵乘法", "矩阵乘法.vcxproj", "{7ADFE662-166F-419F-9FDB-67CAD80C840C}"
EndProject
Global
	GlobalSection(SolutionConfigurationPlatforms) = preSolution
		Debug|x64 = Debug|x64
		Debug|x86 = Debug|x86
		Release|x64 = Release|x64
		Release|x86 = Release|x86
	EndGlobalSection
	GlobalSection(ProjectConfigurationPlatforms) = postSolution
		{7ADFE662-166F-419F-9FDB-67CAD80C840C}.Debug|x64.ActiveCfg = Debug|x64
		{7ADFE662-166F-419F-9FDB-67CAD80C840C}.Debug|x64.Build.0 = Debug|x64
		{7ADFE662-166F-419F-9FDB-67CAD80C840C}.Debug|x86.ActiveCfg = Debug|Win32
		{7ADFE662-166F-419F-9FDB-67CAD80C840C}.Debug|x86.Build.0 = Debug|Win32
		{7ADFE662-166F-419F-9FDB-67CAD80C840C}.Release|x64.ActiveCfg = Release|x64
		{7ADFE662-166F-419F-9FDB-67CAD80C840C}.Release|x64.Build.0 = Release|x64
		{7ADFE662-166F-419F-9FDB-67CAD80C840C}.Release|x86.ActiveCfg = Release|Win32
		{7ADFE662-166F-419F-9FDB-67CAD80C840C}.Release|x86.Build.0 = Release|Win32
	EndGlobalSection
	GlobalSection(SolutionProperties) = preSolution
		HideSolutionNode = FALSE
	EndGlobalSection
	GlobalSection(ExtensibilityGlobals) = postSolution
		SolutionGuid = {DD0367F2-7CE4-49CA-BEA9-A5150D8286EC}
	EndGlobalSection
EndGlobal
