
Microsoft Visual Studio Solution File, Format Version 12.00
# Visual Studio Version 17
VisualStudioVersion = 17.6.33829.357
MinimumVisualStudioVersion = 10.0.40219.1
Project("{8BC9CEB8-8B4A-11D0-8D11-00A0C91BC942}") = "找学生", "找学生.vcxproj", "{AD406DAD-2998-42FF-B998-4AACF8C671A4}"
EndProject
Global
	GlobalSection(SolutionConfigurationPlatforms) = preSolution
		Debug|x64 = Debug|x64
		Debug|x86 = Debug|x86
		Release|x64 = Release|x64
		Release|x86 = Release|x86
	EndGlobalSection
	GlobalSection(ProjectConfigurationPlatforms) = postSolution
		{AD406DAD-2998-42FF-B998-4AACF8C671A4}.Debug|x64.ActiveCfg = Debug|x64
		{AD406DAD-2998-42FF-B998-4AACF8C671A4}.Debug|x64.Build.0 = Debug|x64
		{AD406DAD-2998-42FF-B998-4AACF8C671A4}.Debug|x86.ActiveCfg = Debug|Win32
		{AD406DAD-2998-42FF-B998-4AACF8C671A4}.Debug|x86.Build.0 = Debug|Win32
		{AD406DAD-2998-42FF-B998-4AACF8C671A4}.Release|x64.ActiveCfg = Release|x64
		{AD406DAD-2998-42FF-B998-4AACF8C671A4}.Release|x64.Build.0 = Release|x64
		{AD406DAD-2998-42FF-B998-4AACF8C671A4}.Release|x86.ActiveCfg = Release|Win32
		{AD406DAD-2998-42FF-B998-4AACF8C671A4}.Release|x86.Build.0 = Release|Win32
	EndGlobalSection
	GlobalSection(SolutionProperties) = preSolution
		HideSolutionNode = FALSE
	EndGlobalSection
	GlobalSection(ExtensibilityGlobals) = postSolution
		SolutionGuid = {07C4A0D5-C37E-444B-9B93-2EC2661DB334}
	EndGlobalSection
EndGlobal
